PODS:
  - AssertionNotifier (0.1.0)

DEPENDENCIES:
  - AssertionNotifier (from `../`)

EXTERNAL SOURCES:
  AssertionNotifier:
    :path: "../"

SPEC CHECKSUMS:
  AssertionNotifier: 0f9b1a86af46af75b35fcb90f8fed52d58088fee

PODFILE CHECKSUM: 437a00c1a8be90ff6b590afffb0432210e8304e6

COCOAPODS: 1.10.1
