PODS:
  - AssertionNotifier (0.1.0)

DEPENDENCIES:
  - AssertionNotifier (from `../`)

EXTERNAL SOURCES:
  AssertionNotifier:
    :path: "../"

SPEC CHECKSUMS:
  AssertionNotifier: 34c3a2731010b36894964d28522ebb4b2d2d6a0a

PODFILE CHECKSUM: 847e40a3b2723c40d1c58f47921e5f218f72f488

COCOAPODS: 1.10.1
