PODS:
  - AssertionNotifier (0.1.0)

DEPENDENCIES:
  - AssertionNotifier (from `../`)

EXTERNAL SOURCES:
  AssertionNotifier:
    :path: "../"

SPEC CHECKSUMS:
  AssertionNotifier: 1759d4483599385f864c2fad1b2de022d6870e7e

PODFILE CHECKSUM: 437a00c1a8be90ff6b590afffb0432210e8304e6

COCOAPODS: 1.10.1
